// !$*UTF8*$!
{
	archiveVersion = 1;
	classes = {
	};
	objectVersion = 56;
	objects = {

/* Begin PBXBuildFile section */
		EB02FA4029E9CD7100CAA9DC /* TabsView.swift in Sources */ = {isa = PBXBuildFile; fileRef = EB02FA3F29E9CD7100CAA9DC /* TabsView.swift */; };
		EB02FA4229E9CF9300CAA9DC /* TabsViewFactory.swift in Sources */ = {isa = PBXBuildFile; fileRef = EB02FA4129E9CF9300CAA9DC /* TabsViewFactory.swift */; };
		EB02FA4529E9D19D00CAA9DC /* Localizable.strings in Resources */ = {isa = PBXBuildFile; fileRef = EB02FA4729E9D19D00CAA9DC /* Localizable.strings */; };
		EB3C830829F9806100742C21 /* MockURLProtocol.swift in Sources */ = {isa = PBXBuildFile; fileRef = EB3C830729F9806100742C21 /* MockURLProtocol.swift */; };
		EB3C830A29F9A96A00742C21 /* FirestoreDataSource.swift in Sources */ = {isa = PBXBuildFile; fileRef = EB3C830929F9A96A00742C21 /* FirestoreDataSource.swift */; };
		EB3C830D29F9A9CA00742C21 /* FirestoreDataSourceFactory.swift in Sources */ = {isa = PBXBuildFile; fileRef = EB3C830C29F9A9CA00742C21 /* FirestoreDataSourceFactory.swift */; };
		EB3C831129F9ADB900742C21 /* APIClient.swift in Sources */ = {isa = PBXBuildFile; fileRef = EB3C831029F9ADB800742C21 /* APIClient.swift */; };
		EB3C831329F9AF2E00742C21 /* APIResponseError.swift in Sources */ = {isa = PBXBuildFile; fileRef = EB3C831229F9AF2E00742C21 /* APIResponseError.swift */; };
		EB3C831929F9B52D00742C21 /* APIClientFactory.swift in Sources */ = {isa = PBXBuildFile; fileRef = EB3C831829F9B52D00742C21 /* APIClientFactory.swift */; };
		EB3C831B29F9BAC100742C21 /* SessionFirestoreModel.swift in Sources */ = {isa = PBXBuildFile; fileRef = EB3C831A29F9BAC100742C21 /* SessionFirestoreModel.swift */; };
		EB7FB7E729EEA35900DEA576 /* CareerView.swift in Sources */ = {isa = PBXBuildFile; fileRef = EB7FB7E629EEA35900DEA576 /* CareerView.swift */; };
		EB7FB7E929EEA7A200DEA576 /* CareerViewFactory.swift in Sources */ = {isa = PBXBuildFile; fileRef = EB7FB7E829EEA7A200DEA576 /* CareerViewFactory.swift */; };
		EB7FB7ED29EEAEFD00DEA576 /* View.swift in Sources */ = {isa = PBXBuildFile; fileRef = EB7FB7EC29EEAEFD00DEA576 /* View.swift */; };
		EBA090FC29E5C2E0001B3005 /* myResumeApp.swift in Sources */ = {isa = PBXBuildFile; fileRef = EBA090FB29E5C2E0001B3005 /* myResumeApp.swift */; };
		EBA0910029E5C2E2001B3005 /* Assets.xcassets in Resources */ = {isa = PBXBuildFile; fileRef = EBA090FF29E5C2E2001B3005 /* Assets.xcassets */; };
		EBA0910429E5C2E2001B3005 /* Preview Assets.xcassets in Resources */ = {isa = PBXBuildFile; fileRef = EBA0910329E5C2E2001B3005 /* Preview Assets.xcassets */; };
		EBA0911829E5C2E2001B3005 /* myResumeUITests.swift in Sources */ = {isa = PBXBuildFile; fileRef = EBA0911729E5C2E2001B3005 /* myResumeUITests.swift */; };
		EBA0911A29E5C2E2001B3005 /* myResumeUITestsLaunchTests.swift in Sources */ = {isa = PBXBuildFile; fileRef = EBA0911929E5C2E2001B3005 /* myResumeUITestsLaunchTests.swift */; };
		EBA53C2C29FA8C7F00D7095F /* FirestoreDataSourceSignInTests.swift in Sources */ = {isa = PBXBuildFile; fileRef = EBA53C2B29FA8C7F00D7095F /* FirestoreDataSourceSignInTests.swift */; };
		EBA53C2F29FA947300D7095F /* FirestoreDataSourceFetchWorksTests.swift in Sources */ = {isa = PBXBuildFile; fileRef = EBA53C2E29FA947300D7095F /* FirestoreDataSourceFetchWorksTests.swift */; };
		EBA53C3129FA9F0500D7095F /* APIClientRequest.swift in Sources */ = {isa = PBXBuildFile; fileRef = EBA53C3029FA9F0500D7095F /* APIClientRequest.swift */; };
/* End PBXBuildFile section */

/* Begin PBXContainerItemProxy section */
		EBA0910A29E5C2E2001B3005 /* PBXContainerItemProxy */ = {
			isa = PBXContainerItemProxy;
			containerPortal = EBA090F029E5C2E0001B3005 /* Project object */;
			proxyType = 1;
			remoteGlobalIDString = EBA090F729E5C2E0001B3005;
			remoteInfo = "my-resume";
		};
		EBA0911429E5C2E2001B3005 /* PBXContainerItemProxy */ = {
			isa = PBXContainerItemProxy;
			containerPortal = EBA090F029E5C2E0001B3005 /* Project object */;
			proxyType = 1;
			remoteGlobalIDString = EBA090F729E5C2E0001B3005;
			remoteInfo = "my-resume";
		};
/* End PBXContainerItemProxy section */

/* Begin PBXFileReference section */
		EB02FA3F29E9CD7100CAA9DC /* TabsView.swift */ = {isa = PBXFileReference; lastKnownFileType = sourcecode.swift; path = TabsView.swift; sourceTree = "<group>"; };
		EB02FA4129E9CF9300CAA9DC /* TabsViewFactory.swift */ = {isa = PBXFileReference; lastKnownFileType = sourcecode.swift; path = TabsViewFactory.swift; sourceTree = "<group>"; };
		EB02FA4629E9D19D00CAA9DC /* en */ = {isa = PBXFileReference; lastKnownFileType = text.plist.strings; name = en; path = en.lproj/Localizable.strings; sourceTree = "<group>"; };
		EB02FA4829E9D1B700CAA9DC /* es */ = {isa = PBXFileReference; lastKnownFileType = text.plist.strings; name = es; path = es.lproj/Localizable.strings; sourceTree = "<group>"; };
		EB3C830729F9806100742C21 /* MockURLProtocol.swift */ = {isa = PBXFileReference; lastKnownFileType = sourcecode.swift; path = MockURLProtocol.swift; sourceTree = "<group>"; };
		EB3C830929F9A96A00742C21 /* FirestoreDataSource.swift */ = {isa = PBXFileReference; lastKnownFileType = sourcecode.swift; path = FirestoreDataSource.swift; sourceTree = "<group>"; };
		EB3C830C29F9A9CA00742C21 /* FirestoreDataSourceFactory.swift */ = {isa = PBXFileReference; lastKnownFileType = sourcecode.swift; path = FirestoreDataSourceFactory.swift; sourceTree = "<group>"; };
		EB3C831029F9ADB800742C21 /* APIClient.swift */ = {isa = PBXFileReference; lastKnownFileType = sourcecode.swift; path = APIClient.swift; sourceTree = "<group>"; };
		EB3C831229F9AF2E00742C21 /* APIResponseError.swift */ = {isa = PBXFileReference; lastKnownFileType = sourcecode.swift; path = APIResponseError.swift; sourceTree = "<group>"; };
		EB3C831829F9B52D00742C21 /* APIClientFactory.swift */ = {isa = PBXFileReference; lastKnownFileType = sourcecode.swift; path = APIClientFactory.swift; sourceTree = "<group>"; };
		EB3C831A29F9BAC100742C21 /* SessionFirestoreModel.swift */ = {isa = PBXFileReference; lastKnownFileType = sourcecode.swift; path = SessionFirestoreModel.swift; sourceTree = "<group>"; };
		EB7FB7E629EEA35900DEA576 /* CareerView.swift */ = {isa = PBXFileReference; lastKnownFileType = sourcecode.swift; path = CareerView.swift; sourceTree = "<group>"; };
		EB7FB7E829EEA7A200DEA576 /* CareerViewFactory.swift */ = {isa = PBXFileReference; lastKnownFileType = sourcecode.swift; path = CareerViewFactory.swift; sourceTree = "<group>"; };
		EB7FB7EC29EEAEFD00DEA576 /* View.swift */ = {isa = PBXFileReference; lastKnownFileType = sourcecode.swift; path = View.swift; sourceTree = "<group>"; };
		EBA090F829E5C2E0001B3005 /* myResume.app */ = {isa = PBXFileReference; explicitFileType = wrapper.application; includeInIndex = 0; path = myResume.app; sourceTree = BUILT_PRODUCTS_DIR; };
		EBA090FB29E5C2E0001B3005 /* myResumeApp.swift */ = {isa = PBXFileReference; lastKnownFileType = sourcecode.swift; path = myResumeApp.swift; sourceTree = "<group>"; };
		EBA090FF29E5C2E2001B3005 /* Assets.xcassets */ = {isa = PBXFileReference; lastKnownFileType = folder.assetcatalog; path = Assets.xcassets; sourceTree = "<group>"; };
		EBA0910129E5C2E2001B3005 /* myResume.entitlements */ = {isa = PBXFileReference; lastKnownFileType = text.plist.entitlements; path = myResume.entitlements; sourceTree = "<group>"; };
		EBA0910329E5C2E2001B3005 /* Preview Assets.xcassets */ = {isa = PBXFileReference; lastKnownFileType = folder.assetcatalog; path = "Preview Assets.xcassets"; sourceTree = "<group>"; };
		EBA0910929E5C2E2001B3005 /* myResumeTests.xctest */ = {isa = PBXFileReference; explicitFileType = wrapper.cfbundle; includeInIndex = 0; path = myResumeTests.xctest; sourceTree = BUILT_PRODUCTS_DIR; };
		EBA0911329E5C2E2001B3005 /* myResumeUITests.xctest */ = {isa = PBXFileReference; explicitFileType = wrapper.cfbundle; includeInIndex = 0; path = myResumeUITests.xctest; sourceTree = BUILT_PRODUCTS_DIR; };
		EBA0911729E5C2E2001B3005 /* myResumeUITests.swift */ = {isa = PBXFileReference; lastKnownFileType = sourcecode.swift; path = myResumeUITests.swift; sourceTree = "<group>"; };
		EBA0911929E5C2E2001B3005 /* myResumeUITestsLaunchTests.swift */ = {isa = PBXFileReference; lastKnownFileType = sourcecode.swift; path = myResumeUITestsLaunchTests.swift; sourceTree = "<group>"; };
		EBA53C2B29FA8C7F00D7095F /* FirestoreDataSourceSignInTests.swift */ = {isa = PBXFileReference; lastKnownFileType = sourcecode.swift; path = FirestoreDataSourceSignInTests.swift; sourceTree = "<group>"; };
		EBA53C2E29FA947300D7095F /* FirestoreDataSourceFetchWorksTests.swift */ = {isa = PBXFileReference; lastKnownFileType = sourcecode.swift; path = FirestoreDataSourceFetchWorksTests.swift; sourceTree = "<group>"; };
		EBA53C3029FA9F0500D7095F /* APIClientRequest.swift */ = {isa = PBXFileReference; lastKnownFileType = sourcecode.swift; path = APIClientRequest.swift; sourceTree = "<group>"; };
		EBA53C3229FAA61C00D7095F /* Configuration.xcconfig */ = {isa = PBXFileReference; lastKnownFileType = text.xcconfig; path = Configuration.xcconfig; sourceTree = "<group>"; };
		EBA53C3329FAA84900D7095F /* Info.plist */ = {isa = PBXFileReference; lastKnownFileType = text.plist; path = Info.plist; sourceTree = "<group>"; };
/* End PBXFileReference section */

/* Begin PBXFrameworksBuildPhase section */
		EBA090F529E5C2E0001B3005 /* Frameworks */ = {
			isa = PBXFrameworksBuildPhase;
			buildActionMask = 2147483647;
			files = (
			);
			runOnlyForDeploymentPostprocessing = 0;
		};
		EBA0910629E5C2E2001B3005 /* Frameworks */ = {
			isa = PBXFrameworksBuildPhase;
			buildActionMask = 2147483647;
			files = (
			);
			runOnlyForDeploymentPostprocessing = 0;
		};
		EBA0911029E5C2E2001B3005 /* Frameworks */ = {
			isa = PBXFrameworksBuildPhase;
			buildActionMask = 2147483647;
			files = (
			);
			runOnlyForDeploymentPostprocessing = 0;
		};
/* End PBXFrameworksBuildPhase section */

/* Begin PBXGroup section */
		EB02FA3C29E9CC2600CAA9DC /* tabs */ = {
			isa = PBXGroup;
			children = (
				EB02FA3D29E9CC3C00CAA9DC /* view */,
			);
			path = tabs;
			sourceTree = "<group>";
		};
		EB02FA3D29E9CC3C00CAA9DC /* view */ = {
			isa = PBXGroup;
			children = (
				EB02FA3F29E9CD7100CAA9DC /* TabsView.swift */,
				EB02FA4129E9CF9300CAA9DC /* TabsViewFactory.swift */,
			);
			path = view;
			sourceTree = "<group>";
		};
		EB3C830529F96EDB00742C21 /* networking */ = {
			isa = PBXGroup;
			children = (
				EB3C831029F9ADB800742C21 /* APIClient.swift */,
				EB3C831829F9B52D00742C21 /* APIClientFactory.swift */,
				EBA53C3029FA9F0500D7095F /* APIClientRequest.swift */,
				EB3C831229F9AF2E00742C21 /* APIResponseError.swift */,
			);
			path = networking;
			sourceTree = "<group>";
		};
		EB3C830629F96FBD00742C21 /* networking */ = {
			isa = PBXGroup;
			children = (
				EB3C830729F9806100742C21 /* MockURLProtocol.swift */,
			);
			path = networking;
			sourceTree = "<group>";
		};
		EB3C830B29F9A9B500742C21 /* firestore */ = {
			isa = PBXGroup;
			children = (
				EB3C830929F9A96A00742C21 /* FirestoreDataSource.swift */,
				EB3C830C29F9A9CA00742C21 /* FirestoreDataSourceFactory.swift */,
			);
			path = firestore;
			sourceTree = "<group>";
		};
		EB3C831429F9B05800742C21 /* models */ = {
			isa = PBXGroup;
			children = (
				EB3C831529F9B06400742C21 /* firestore */,
			);
			path = models;
			sourceTree = "<group>";
		};
		EB3C831529F9B06400742C21 /* firestore */ = {
			isa = PBXGroup;
			children = (
				EB3C831A29F9BAC100742C21 /* SessionFirestoreModel.swift */,
			);
			path = firestore;
			sourceTree = "<group>";
		};
		EB7FB7E429EEA33900DEA576 /* career */ = {
			isa = PBXGroup;
			children = (
				EB7FB7E529EEA34000DEA576 /* view */,
			);
			path = career;
			sourceTree = "<group>";
		};
		EB7FB7E529EEA34000DEA576 /* view */ = {
			isa = PBXGroup;
			children = (
				EB7FB7E629EEA35900DEA576 /* CareerView.swift */,
				EB7FB7E829EEA7A200DEA576 /* CareerViewFactory.swift */,
			);
			path = view;
			sourceTree = "<group>";
		};
		EB7FB7EA29EEAECA00DEA576 /* views */ = {
			isa = PBXGroup;
			children = (
				EB7FB7EB29EEAEEB00DEA576 /* extensions */,
			);
			path = views;
			sourceTree = "<group>";
		};
		EB7FB7EB29EEAEEB00DEA576 /* extensions */ = {
			isa = PBXGroup;
			children = (
				EB7FB7EC29EEAEFD00DEA576 /* View.swift */,
			);
			path = extensions;
			sourceTree = "<group>";
		};
		EB86A5FC29E89B2300373ED1 /* data */ = {
			isa = PBXGroup;
			children = (
				EB3C831429F9B05800742C21 /* models */,
				EB86A5FF29E89B4F00373ED1 /* dataSources */,
				EB86A60029E89B5B00373ED1 /* repositories */,
			);
			path = data;
			sourceTree = "<group>";
		};
		EB86A5FD29E89B2C00373ED1 /* domain */ = {
			isa = PBXGroup;
			children = (
				EB86A60229E89D7600373ED1 /* useCases */,
			);
			path = domain;
			sourceTree = "<group>";
		};
		EB86A5FE29E89B3300373ED1 /* presentation */ = {
			isa = PBXGroup;
			children = (
				EBA090FB29E5C2E0001B3005 /* myResumeApp.swift */,
				EB86A60329E89D8200373ED1 /* features */,
				EB86A60429E89D8800373ED1 /* resources */,
				EB7FB7EA29EEAECA00DEA576 /* views */,
			);
			path = presentation;
			sourceTree = "<group>";
		};
		EB86A5FF29E89B4F00373ED1 /* dataSources */ = {
			isa = PBXGroup;
			children = (
				EB3C830B29F9A9B500742C21 /* firestore */,
			);
			path = dataSources;
			sourceTree = "<group>";
		};
		EB86A60029E89B5B00373ED1 /* repositories */ = {
			isa = PBXGroup;
			children = (
			);
			path = repositories;
			sourceTree = "<group>";
		};
		EB86A60129E89D5A00373ED1 /* config */ = {
			isa = PBXGroup;
			children = (
				EBA0910129E5C2E2001B3005 /* myResume.entitlements */,
				EBA53C3229FAA61C00D7095F /* Configuration.xcconfig */,
			);
			path = config;
			sourceTree = "<group>";
		};
		EB86A60229E89D7600373ED1 /* useCases */ = {
			isa = PBXGroup;
			children = (
			);
			path = useCases;
			sourceTree = "<group>";
		};
		EB86A60329E89D8200373ED1 /* features */ = {
			isa = PBXGroup;
			children = (
				EB7FB7E429EEA33900DEA576 /* career */,
				EB02FA3C29E9CC2600CAA9DC /* tabs */,
			);
			path = features;
			sourceTree = "<group>";
		};
		EB86A60429E89D8800373ED1 /* resources */ = {
			isa = PBXGroup;
			children = (
				EBA090FF29E5C2E2001B3005 /* Assets.xcassets */,
				EBA0910329E5C2E2001B3005 /* Preview Assets.xcassets */,
				EB02FA4729E9D19D00CAA9DC /* Localizable.strings */,
			);
			path = resources;
			sourceTree = "<group>";
		};
		EBA090EF29E5C2E0001B3005 = {
			isa = PBXGroup;
			children = (
				EBA090FA29E5C2E0001B3005 /* myResume */,
				EBA0910C29E5C2E2001B3005 /* myResumeTests */,
				EBA0911629E5C2E2001B3005 /* myResumeUITests */,
				EBA090F929E5C2E0001B3005 /* Products */,
			);
			sourceTree = "<group>";
		};
		EBA090F929E5C2E0001B3005 /* Products */ = {
			isa = PBXGroup;
			children = (
				EBA090F829E5C2E0001B3005 /* myResume.app */,
				EBA0910929E5C2E2001B3005 /* myResumeTests.xctest */,
				EBA0911329E5C2E2001B3005 /* myResumeUITests.xctest */,
			);
			name = Products;
			sourceTree = "<group>";
		};
		EBA090FA29E5C2E0001B3005 /* myResume */ = {
			isa = PBXGroup;
			children = (
				EBA53C3329FAA84900D7095F /* Info.plist */,
				EB3C830529F96EDB00742C21 /* networking */,
				EB86A60129E89D5A00373ED1 /* config */,
				EB86A5FC29E89B2300373ED1 /* data */,
				EB86A5FD29E89B2C00373ED1 /* domain */,
				EB86A5FE29E89B3300373ED1 /* presentation */,
			);
			path = myResume;
			sourceTree = "<group>";
		};
		EBA0910C29E5C2E2001B3005 /* myResumeTests */ = {
			isa = PBXGroup;
			children = (
				EBA53C2929FA8C3700D7095F /* data */,
				EB3C830629F96FBD00742C21 /* networking */,
			);
			path = myResumeTests;
			sourceTree = "<group>";
		};
		EBA0911629E5C2E2001B3005 /* myResumeUITests */ = {
			isa = PBXGroup;
			children = (
				EBA0911729E5C2E2001B3005 /* myResumeUITests.swift */,
				EBA0911929E5C2E2001B3005 /* myResumeUITestsLaunchTests.swift */,
			);
			path = myResumeUITests;
			sourceTree = "<group>";
		};
		EBA53C2929FA8C3700D7095F /* data */ = {
			isa = PBXGroup;
			children = (
				EBA53C2A29FA8C3E00D7095F /* dataSources */,
			);
			path = data;
			sourceTree = "<group>";
		};
		EBA53C2A29FA8C3E00D7095F /* dataSources */ = {
			isa = PBXGroup;
			children = (
				EBA53C2D29FA8CEC00D7095F /* firestore */,
			);
			path = dataSources;
			sourceTree = "<group>";
		};
		EBA53C2D29FA8CEC00D7095F /* firestore */ = {
			isa = PBXGroup;
			children = (
				EBA53C2B29FA8C7F00D7095F /* FirestoreDataSourceSignInTests.swift */,
				EBA53C2E29FA947300D7095F /* FirestoreDataSourceFetchWorksTests.swift */,
			);
			path = firestore;
			sourceTree = "<group>";
		};
/* End PBXGroup section */

/* Begin PBXNativeTarget section */
		EBA090F729E5C2E0001B3005 /* myResume */ = {
			isa = PBXNativeTarget;
			buildConfigurationList = EBA0911D29E5C2E2001B3005 /* Build configuration list for PBXNativeTarget "myResume" */;
			buildPhases = (
				EBA090F429E5C2E0001B3005 /* Sources */,
				EBA090F529E5C2E0001B3005 /* Frameworks */,
				EBA090F629E5C2E0001B3005 /* Resources */,
			);
			buildRules = (
			);
			dependencies = (
			);
			name = myResume;
			productName = "my-resume";
			productReference = EBA090F829E5C2E0001B3005 /* myResume.app */;
			productType = "com.apple.product-type.application";
		};
		EBA0910829E5C2E2001B3005 /* myResumeTests */ = {
			isa = PBXNativeTarget;
			buildConfigurationList = EBA0912029E5C2E2001B3005 /* Build configuration list for PBXNativeTarget "myResumeTests" */;
			buildPhases = (
				EBA0910529E5C2E2001B3005 /* Sources */,
				EBA0910629E5C2E2001B3005 /* Frameworks */,
				EBA0910729E5C2E2001B3005 /* Resources */,
			);
			buildRules = (
			);
			dependencies = (
				EBA0910B29E5C2E2001B3005 /* PBXTargetDependency */,
			);
			name = myResumeTests;
			productName = "my-resumeTests";
			productReference = EBA0910929E5C2E2001B3005 /* myResumeTests.xctest */;
			productType = "com.apple.product-type.bundle.unit-test";
		};
		EBA0911229E5C2E2001B3005 /* myResumeUITests */ = {
			isa = PBXNativeTarget;
			buildConfigurationList = EBA0912329E5C2E2001B3005 /* Build configuration list for PBXNativeTarget "myResumeUITests" */;
			buildPhases = (
				EBA0910F29E5C2E2001B3005 /* Sources */,
				EBA0911029E5C2E2001B3005 /* Frameworks */,
				EBA0911129E5C2E2001B3005 /* Resources */,
			);
			buildRules = (
			);
			dependencies = (
				EBA0911529E5C2E2001B3005 /* PBXTargetDependency */,
			);
			name = myResumeUITests;
			productName = "my-resumeUITests";
			productReference = EBA0911329E5C2E2001B3005 /* myResumeUITests.xctest */;
			productType = "com.apple.product-type.bundle.ui-testing";
		};
/* End PBXNativeTarget section */

/* Begin PBXProject section */
		EBA090F029E5C2E0001B3005 /* Project object */ = {
			isa = PBXProject;
			attributes = {
				BuildIndependentTargetsInParallel = 1;
				LastSwiftUpdateCheck = 1430;
				LastUpgradeCheck = 1430;
				TargetAttributes = {
					EBA090F729E5C2E0001B3005 = {
						CreatedOnToolsVersion = 14.3;
					};
					EBA0910829E5C2E2001B3005 = {
						CreatedOnToolsVersion = 14.3;
						TestTargetID = EBA090F729E5C2E0001B3005;
					};
					EBA0911229E5C2E2001B3005 = {
						CreatedOnToolsVersion = 14.3;
						TestTargetID = EBA090F729E5C2E0001B3005;
					};
				};
			};
			buildConfigurationList = EBA090F329E5C2E0001B3005 /* Build configuration list for PBXProject "myResume" */;
			compatibilityVersion = "Xcode 14.0";
			developmentRegion = en;
			hasScannedForEncodings = 0;
			knownRegions = (
				en,
				Base,
				es,
			);
			mainGroup = EBA090EF29E5C2E0001B3005;
			productRefGroup = EBA090F929E5C2E0001B3005 /* Products */;
			projectDirPath = "";
			projectRoot = "";
			targets = (
				EBA090F729E5C2E0001B3005 /* myResume */,
				EBA0910829E5C2E2001B3005 /* myResumeTests */,
				EBA0911229E5C2E2001B3005 /* myResumeUITests */,
			);
		};
/* End PBXProject section */

/* Begin PBXResourcesBuildPhase section */
		EBA090F629E5C2E0001B3005 /* Resources */ = {
			isa = PBXResourcesBuildPhase;
			buildActionMask = 2147483647;
			files = (
				EBA0910429E5C2E2001B3005 /* Preview Assets.xcassets in Resources */,
				EB02FA4529E9D19D00CAA9DC /* Localizable.strings in Resources */,
				EBA0910029E5C2E2001B3005 /* Assets.xcassets in Resources */,
			);
			runOnlyForDeploymentPostprocessing = 0;
		};
		EBA0910729E5C2E2001B3005 /* Resources */ = {
			isa = PBXResourcesBuildPhase;
			buildActionMask = 2147483647;
			files = (
			);
			runOnlyForDeploymentPostprocessing = 0;
		};
		EBA0911129E5C2E2001B3005 /* Resources */ = {
			isa = PBXResourcesBuildPhase;
			buildActionMask = 2147483647;
			files = (
			);
			runOnlyForDeploymentPostprocessing = 0;
		};
/* End PBXResourcesBuildPhase section */

/* Begin PBXSourcesBuildPhase section */
		EBA090F429E5C2E0001B3005 /* Sources */ = {
			isa = PBXSourcesBuildPhase;
			buildActionMask = 2147483647;
			files = (
				EB3C831329F9AF2E00742C21 /* APIResponseError.swift in Sources */,
				EB7FB7E929EEA7A200DEA576 /* CareerViewFactory.swift in Sources */,
				EB3C830A29F9A96A00742C21 /* FirestoreDataSource.swift in Sources */,
				EB3C830D29F9A9CA00742C21 /* FirestoreDataSourceFactory.swift in Sources */,
				EB3C831129F9ADB900742C21 /* APIClient.swift in Sources */,
				EB7FB7E729EEA35900DEA576 /* CareerView.swift in Sources */,
				EB7FB7ED29EEAEFD00DEA576 /* View.swift in Sources */,
				EBA53C3129FA9F0500D7095F /* APIClientRequest.swift in Sources */,
				EB02FA4029E9CD7100CAA9DC /* TabsView.swift in Sources */,
				EB3C831929F9B52D00742C21 /* APIClientFactory.swift in Sources */,
				EB02FA4229E9CF9300CAA9DC /* TabsViewFactory.swift in Sources */,
				EBA090FC29E5C2E0001B3005 /* myResumeApp.swift in Sources */,
				EB3C831B29F9BAC100742C21 /* SessionFirestoreModel.swift in Sources */,
			);
			runOnlyForDeploymentPostprocessing = 0;
		};
		EBA0910529E5C2E2001B3005 /* Sources */ = {
			isa = PBXSourcesBuildPhase;
			buildActionMask = 2147483647;
			files = (
				EB3C830829F9806100742C21 /* MockURLProtocol.swift in Sources */,
				EBA53C2F29FA947300D7095F /* FirestoreDataSourceFetchWorksTests.swift in Sources */,
				EBA53C2C29FA8C7F00D7095F /* FirestoreDataSourceSignInTests.swift in Sources */,
			);
			runOnlyForDeploymentPostprocessing = 0;
		};
		EBA0910F29E5C2E2001B3005 /* Sources */ = {
			isa = PBXSourcesBuildPhase;
			buildActionMask = 2147483647;
			files = (
				EBA0911829E5C2E2001B3005 /* myResumeUITests.swift in Sources */,
				EBA0911A29E5C2E2001B3005 /* myResumeUITestsLaunchTests.swift in Sources */,
			);
			runOnlyForDeploymentPostprocessing = 0;
		};
/* End PBXSourcesBuildPhase section */

/* Begin PBXTargetDependency section */
		EBA0910B29E5C2E2001B3005 /* PBXTargetDependency */ = {
			isa = PBXTargetDependency;
			target = EBA090F729E5C2E0001B3005 /* myResume */;
			targetProxy = EBA0910A29E5C2E2001B3005 /* PBXContainerItemProxy */;
		};
		EBA0911529E5C2E2001B3005 /* PBXTargetDependency */ = {
			isa = PBXTargetDependency;
			target = EBA090F729E5C2E0001B3005 /* myResume */;
			targetProxy = EBA0911429E5C2E2001B3005 /* PBXContainerItemProxy */;
		};
/* End PBXTargetDependency section */

/* Begin PBXVariantGroup section */
		EB02FA4729E9D19D00CAA9DC /* Localizable.strings */ = {
			isa = PBXVariantGroup;
			children = (
				EB02FA4629E9D19D00CAA9DC /* en */,
				EB02FA4829E9D1B700CAA9DC /* es */,
			);
			name = Localizable.strings;
			sourceTree = "<group>";
		};
/* End PBXVariantGroup section */

/* Begin XCBuildConfiguration section */
		EBA0911B29E5C2E2001B3005 /* Debug */ = {
			isa = XCBuildConfiguration;
			baseConfigurationReference = EBA53C3229FAA61C00D7095F /* Configuration.xcconfig */;
			buildSettings = {
				ALWAYS_SEARCH_USER_PATHS = NO;
				CLANG_ANALYZER_LOCALIZABILITY_NONLOCALIZED = YES;
				CLANG_ANALYZER_NONNULL = YES;
				CLANG_ANALYZER_NUMBER_OBJECT_CONVERSION = YES_AGGRESSIVE;
				CLANG_CXX_LANGUAGE_STANDARD = "gnu++20";
				CLANG_ENABLE_MODULES = YES;
				CLANG_ENABLE_OBJC_ARC = YES;
				CLANG_ENABLE_OBJC_WEAK = YES;
				CLANG_WARN_BLOCK_CAPTURE_AUTORELEASING = YES;
				CLANG_WARN_BOOL_CONVERSION = YES;
				CLANG_WARN_COMMA = YES;
				CLANG_WARN_CONSTANT_CONVERSION = YES;
				CLANG_WARN_DEPRECATED_OBJC_IMPLEMENTATIONS = YES;
				CLANG_WARN_DIRECT_OBJC_ISA_USAGE = YES_ERROR;
				CLANG_WARN_DOCUMENTATION_COMMENTS = YES;
				CLANG_WARN_EMPTY_BODY = YES;
				CLANG_WARN_ENUM_CONVERSION = YES;
				CLANG_WARN_INFINITE_RECURSION = YES;
				CLANG_WARN_INT_CONVERSION = YES;
				CLANG_WARN_NON_LITERAL_NULL_CONVERSION = YES;
				CLANG_WARN_OBJC_IMPLICIT_RETAIN_SELF = YES;
				CLANG_WARN_OBJC_LITERAL_CONVERSION = YES;
				CLANG_WARN_OBJC_ROOT_CLASS = YES_ERROR;
				CLANG_WARN_QUOTED_INCLUDE_IN_FRAMEWORK_HEADER = YES;
				CLANG_WARN_RANGE_LOOP_ANALYSIS = YES;
				CLANG_WARN_STRICT_PROTOTYPES = YES;
				CLANG_WARN_SUSPICIOUS_MOVE = YES;
				CLANG_WARN_UNGUARDED_AVAILABILITY = YES_AGGRESSIVE;
				CLANG_WARN_UNREACHABLE_CODE = YES;
				CLANG_WARN__DUPLICATE_METHOD_MATCH = YES;
				COPY_PHASE_STRIP = NO;
				DEBUG_INFORMATION_FORMAT = dwarf;
				ENABLE_STRICT_OBJC_MSGSEND = YES;
				ENABLE_TESTABILITY = YES;
				GCC_C_LANGUAGE_STANDARD = gnu11;
				GCC_DYNAMIC_NO_PIC = NO;
				GCC_NO_COMMON_BLOCKS = YES;
				GCC_OPTIMIZATION_LEVEL = 0;
				GCC_PREPROCESSOR_DEFINITIONS = (
					"DEBUG=1",
					"$(inherited)",
				);
				GCC_WARN_64_TO_32_BIT_CONVERSION = YES;
				GCC_WARN_ABOUT_RETURN_TYPE = YES_ERROR;
				GCC_WARN_UNDECLARED_SELECTOR = YES;
				GCC_WARN_UNINITIALIZED_AUTOS = YES_AGGRESSIVE;
				GCC_WARN_UNUSED_FUNCTION = YES;
				GCC_WARN_UNUSED_VARIABLE = YES;
				MTL_ENABLE_DEBUG_INFO = INCLUDE_SOURCE;
				MTL_FAST_MATH = YES;
				ONLY_ACTIVE_ARCH = YES;
				SWIFT_ACTIVE_COMPILATION_CONDITIONS = DEBUG;
				SWIFT_OPTIMIZATION_LEVEL = "-Onone";
			};
			name = Debug;
		};
		EBA0911C29E5C2E2001B3005 /* Release */ = {
			isa = XCBuildConfiguration;
			baseConfigurationReference = EBA53C3229FAA61C00D7095F /* Configuration.xcconfig */;
			buildSettings = {
				ALWAYS_SEARCH_USER_PATHS = NO;
				CLANG_ANALYZER_LOCALIZABILITY_NONLOCALIZED = YES;
				CLANG_ANALYZER_NONNULL = YES;
				CLANG_ANALYZER_NUMBER_OBJECT_CONVERSION = YES_AGGRESSIVE;
				CLANG_CXX_LANGUAGE_STANDARD = "gnu++20";
				CLANG_ENABLE_MODULES = YES;
				CLANG_ENABLE_OBJC_ARC = YES;
				CLANG_ENABLE_OBJC_WEAK = YES;
				CLANG_WARN_BLOCK_CAPTURE_AUTORELEASING = YES;
				CLANG_WARN_BOOL_CONVERSION = YES;
				CLANG_WARN_COMMA = YES;
				CLANG_WARN_CONSTANT_CONVERSION = YES;
				CLANG_WARN_DEPRECATED_OBJC_IMPLEMENTATIONS = YES;
				CLANG_WARN_DIRECT_OBJC_ISA_USAGE = YES_ERROR;
				CLANG_WARN_DOCUMENTATION_COMMENTS = YES;
				CLANG_WARN_EMPTY_BODY = YES;
				CLANG_WARN_ENUM_CONVERSION = YES;
				CLANG_WARN_INFINITE_RECURSION = YES;
				CLANG_WARN_INT_CONVERSION = YES;
				CLANG_WARN_NON_LITERAL_NULL_CONVERSION = YES;
				CLANG_WARN_OBJC_IMPLICIT_RETAIN_SELF = YES;
				CLANG_WARN_OBJC_LITERAL_CONVERSION = YES;
				CLANG_WARN_OBJC_ROOT_CLASS = YES_ERROR;
				CLANG_WARN_QUOTED_INCLUDE_IN_FRAMEWORK_HEADER = YES;
				CLANG_WARN_RANGE_LOOP_ANALYSIS = YES;
				CLANG_WARN_STRICT_PROTOTYPES = YES;
				CLANG_WARN_SUSPICIOUS_MOVE = YES;
				CLANG_WARN_UNGUARDED_AVAILABILITY = YES_AGGRESSIVE;
				CLANG_WARN_UNREACHABLE_CODE = YES;
				CLANG_WARN__DUPLICATE_METHOD_MATCH = YES;
				COPY_PHASE_STRIP = NO;
				DEBUG_INFORMATION_FORMAT = "dwarf-with-dsym";
				ENABLE_NS_ASSERTIONS = NO;
				ENABLE_STRICT_OBJC_MSGSEND = YES;
				GCC_C_LANGUAGE_STANDARD = gnu11;
				GCC_NO_COMMON_BLOCKS = YES;
				GCC_WARN_64_TO_32_BIT_CONVERSION = YES;
				GCC_WARN_ABOUT_RETURN_TYPE = YES_ERROR;
				GCC_WARN_UNDECLARED_SELECTOR = YES;
				GCC_WARN_UNINITIALIZED_AUTOS = YES_AGGRESSIVE;
				GCC_WARN_UNUSED_FUNCTION = YES;
				GCC_WARN_UNUSED_VARIABLE = YES;
				MTL_ENABLE_DEBUG_INFO = NO;
				MTL_FAST_MATH = YES;
				SWIFT_COMPILATION_MODE = wholemodule;
				SWIFT_OPTIMIZATION_LEVEL = "-O";
			};
			name = Release;
		};
		EBA0911E29E5C2E2001B3005 /* Debug */ = {
			isa = XCBuildConfiguration;
			buildSettings = {
				ASSETCATALOG_COMPILER_APPICON_NAME = AppIcon;
				ASSETCATALOG_COMPILER_GLOBAL_ACCENT_COLOR_NAME = AccentColor;
				CODE_SIGN_ENTITLEMENTS = myResume/config/myResume.entitlements;
				CODE_SIGN_STYLE = Automatic;
				CURRENT_PROJECT_VERSION = 1;
				DEVELOPMENT_ASSET_PATHS = "\"myResume/presentation/resources\"";
				DEVELOPMENT_TEAM = SPW25XDBMS;
				ENABLE_HARDENED_RUNTIME = YES;
				ENABLE_PREVIEWS = YES;
				GENERATE_INFOPLIST_FILE = YES;
				INFOPLIST_FILE = myResume/Info.plist;
				INFOPLIST_KEY_CFBundleDisplayName = "My Resume";
				"INFOPLIST_KEY_UIApplicationSceneManifest_Generation[sdk=iphoneos*]" = YES;
				"INFOPLIST_KEY_UIApplicationSceneManifest_Generation[sdk=iphonesimulator*]" = YES;
				"INFOPLIST_KEY_UIApplicationSupportsIndirectInputEvents[sdk=iphoneos*]" = YES;
				"INFOPLIST_KEY_UIApplicationSupportsIndirectInputEvents[sdk=iphonesimulator*]" = YES;
				"INFOPLIST_KEY_UILaunchScreen_Generation[sdk=iphoneos*]" = YES;
				"INFOPLIST_KEY_UILaunchScreen_Generation[sdk=iphonesimulator*]" = YES;
				"INFOPLIST_KEY_UIStatusBarStyle[sdk=iphoneos*]" = UIStatusBarStyleDefault;
				"INFOPLIST_KEY_UIStatusBarStyle[sdk=iphonesimulator*]" = UIStatusBarStyleDefault;
				INFOPLIST_KEY_UISupportedInterfaceOrientations_iPad = "UIInterfaceOrientationPortrait UIInterfaceOrientationPortraitUpsideDown UIInterfaceOrientationLandscapeLeft UIInterfaceOrientationLandscapeRight";
				INFOPLIST_KEY_UISupportedInterfaceOrientations_iPhone = "UIInterfaceOrientationPortrait UIInterfaceOrientationLandscapeLeft UIInterfaceOrientationLandscapeRight";
				IPHONEOS_DEPLOYMENT_TARGET = 16.4;
				LD_RUNPATH_SEARCH_PATHS = "@executable_path/Frameworks";
				"LD_RUNPATH_SEARCH_PATHS[sdk=macosx*]" = "@executable_path/../Frameworks";
				MACOSX_DEPLOYMENT_TARGET = 13.0;
				MARKETING_VERSION = 1.0.0;
				PRODUCT_BUNDLE_IDENTIFIER = info.danielmartinez.app.myResume;
				PRODUCT_NAME = "$(TARGET_NAME)";
				SDKROOT = auto;
				SUPPORTED_PLATFORMS = "iphoneos iphonesimulator macosx";
				SWIFT_EMIT_LOC_STRINGS = YES;
				SWIFT_VERSION = 5.0;
				TARGETED_DEVICE_FAMILY = "1,2";
			};
			name = Debug;
		};
		EBA0911F29E5C2E2001B3005 /* Release */ = {
			isa = XCBuildConfiguration;
			buildSettings = {
				ASSETCATALOG_COMPILER_APPICON_NAME = AppIcon;
				ASSETCATALOG_COMPILER_GLOBAL_ACCENT_COLOR_NAME = AccentColor;
				CODE_SIGN_ENTITLEMENTS = myResume/config/myResume.entitlements;
				CODE_SIGN_STYLE = Automatic;
				CURRENT_PROJECT_VERSION = 1;
				DEVELOPMENT_ASSET_PATHS = "\"myResume/presentation/resources\"";
				DEVELOPMENT_TEAM = SPW25XDBMS;
				ENABLE_HARDENED_RUNTIME = YES;
				ENABLE_PREVIEWS = YES;
				GENERATE_INFOPLIST_FILE = YES;
				INFOPLIST_FILE = myResume/Info.plist;
				INFOPLIST_KEY_CFBundleDisplayName = "My Resume";
				"INFOPLIST_KEY_UIApplicationSceneManifest_Generation[sdk=iphoneos*]" = YES;
				"INFOPLIST_KEY_UIApplicationSceneManifest_Generation[sdk=iphonesimulator*]" = YES;
				"INFOPLIST_KEY_UIApplicationSupportsIndirectInputEvents[sdk=iphoneos*]" = YES;
				"INFOPLIST_KEY_UIApplicationSupportsIndirectInputEvents[sdk=iphonesimulator*]" = YES;
				"INFOPLIST_KEY_UILaunchScreen_Generation[sdk=iphoneos*]" = YES;
				"INFOPLIST_KEY_UILaunchScreen_Generation[sdk=iphonesimulator*]" = YES;
				"INFOPLIST_KEY_UIStatusBarStyle[sdk=iphoneos*]" = UIStatusBarStyleDefault;
				"INFOPLIST_KEY_UIStatusBarStyle[sdk=iphonesimulator*]" = UIStatusBarStyleDefault;
				INFOPLIST_KEY_UISupportedInterfaceOrientations_iPad = "UIInterfaceOrientationPortrait UIInterfaceOrientationPortraitUpsideDown UIInterfaceOrientationLandscapeLeft UIInterfaceOrientationLandscapeRight";
				INFOPLIST_KEY_UISupportedInterfaceOrientations_iPhone = "UIInterfaceOrientationPortrait UIInterfaceOrientationLandscapeLeft UIInterfaceOrientationLandscapeRight";
				IPHONEOS_DEPLOYMENT_TARGET = 16.4;
				LD_RUNPATH_SEARCH_PATHS = "@executable_path/Frameworks";
				"LD_RUNPATH_SEARCH_PATHS[sdk=macosx*]" = "@executable_path/../Frameworks";
				MACOSX_DEPLOYMENT_TARGET = 13.0;
				MARKETING_VERSION = 1.0.0;
				PRODUCT_BUNDLE_IDENTIFIER = info.danielmartinez.app.myResume;
				PRODUCT_NAME = "$(TARGET_NAME)";
				SDKROOT = auto;
				SUPPORTED_PLATFORMS = "iphoneos iphonesimulator macosx";
				SWIFT_EMIT_LOC_STRINGS = YES;
				SWIFT_VERSION = 5.0;
				TARGETED_DEVICE_FAMILY = "1,2";
			};
			name = Release;
		};
		EBA0912129E5C2E2001B3005 /* Debug */ = {
			isa = XCBuildConfiguration;
			buildSettings = {
				ALWAYS_EMBED_SWIFT_STANDARD_LIBRARIES = YES;
				BUNDLE_LOADER = "$(TEST_HOST)";
				CODE_SIGN_STYLE = Automatic;
				CURRENT_PROJECT_VERSION = 1;
				DEVELOPMENT_TEAM = SPW25XDBMS;
				GENERATE_INFOPLIST_FILE = YES;
				IPHONEOS_DEPLOYMENT_TARGET = 16.4;
				MACOSX_DEPLOYMENT_TARGET = 13.0;
				MARKETING_VERSION = 1.0;
				PRODUCT_BUNDLE_IDENTIFIER = info.danielmartinez.app.myResumeTests;
				PRODUCT_NAME = "$(TARGET_NAME)";
				SDKROOT = auto;
				SUPPORTED_PLATFORMS = "iphoneos iphonesimulator macosx";
				SWIFT_EMIT_LOC_STRINGS = NO;
				SWIFT_VERSION = 5.0;
				TARGETED_DEVICE_FAMILY = "1,2";
				TEST_HOST = "$(BUILT_PRODUCTS_DIR)/myResume.app/$(BUNDLE_EXECUTABLE_FOLDER_PATH)/myResume";
			};
			name = Debug;
		};
		EBA0912229E5C2E2001B3005 /* Release */ = {
			isa = XCBuildConfiguration;
			buildSettings = {
				ALWAYS_EMBED_SWIFT_STANDARD_LIBRARIES = YES;
				BUNDLE_LOADER = "$(TEST_HOST)";
				CODE_SIGN_STYLE = Automatic;
				CURRENT_PROJECT_VERSION = 1;
				DEVELOPMENT_TEAM = SPW25XDBMS;
				GENERATE_INFOPLIST_FILE = YES;
				IPHONEOS_DEPLOYMENT_TARGET = 16.4;
				MACOSX_DEPLOYMENT_TARGET = 13.0;
				MARKETING_VERSION = 1.0;
				PRODUCT_BUNDLE_IDENTIFIER = info.danielmartinez.app.myResumeTests;
				PRODUCT_NAME = "$(TARGET_NAME)";
				SDKROOT = auto;
				SUPPORTED_PLATFORMS = "iphoneos iphonesimulator macosx";
				SWIFT_EMIT_LOC_STRINGS = NO;
				SWIFT_VERSION = 5.0;
				TARGETED_DEVICE_FAMILY = "1,2";
				TEST_HOST = "$(BUILT_PRODUCTS_DIR)/myResume.app/$(BUNDLE_EXECUTABLE_FOLDER_PATH)/myResume";
			};
			name = Release;
		};
		EBA0912429E5C2E2001B3005 /* Debug */ = {
			isa = XCBuildConfiguration;
			buildSettings = {
				ALWAYS_EMBED_SWIFT_STANDARD_LIBRARIES = YES;
				CODE_SIGN_STYLE = Automatic;
				CURRENT_PROJECT_VERSION = 1;
				DEVELOPMENT_TEAM = SPW25XDBMS;
				GENERATE_INFOPLIST_FILE = YES;
				IPHONEOS_DEPLOYMENT_TARGET = 16.4;
				MACOSX_DEPLOYMENT_TARGET = 13.0;
				MARKETING_VERSION = 1.0;
				PRODUCT_BUNDLE_IDENTIFIER = info.danielmartinez.app.myResumeUITests;
				PRODUCT_NAME = "$(TARGET_NAME)";
				SDKROOT = auto;
				SUPPORTED_PLATFORMS = "iphoneos iphonesimulator macosx";
				SWIFT_EMIT_LOC_STRINGS = NO;
				SWIFT_VERSION = 5.0;
				TARGETED_DEVICE_FAMILY = "1,2";
				TEST_TARGET_NAME = myResume;
			};
			name = Debug;
		};
		EBA0912529E5C2E2001B3005 /* Release */ = {
			isa = XCBuildConfiguration;
			buildSettings = {
				ALWAYS_EMBED_SWIFT_STANDARD_LIBRARIES = YES;
				CODE_SIGN_STYLE = Automatic;
				CURRENT_PROJECT_VERSION = 1;
				DEVELOPMENT_TEAM = SPW25XDBMS;
				GENERATE_INFOPLIST_FILE = YES;
				IPHONEOS_DEPLOYMENT_TARGET = 16.4;
				MACOSX_DEPLOYMENT_TARGET = 13.0;
				MARKETING_VERSION = 1.0;
				PRODUCT_BUNDLE_IDENTIFIER = info.danielmartinez.app.myResumeUITests;
				PRODUCT_NAME = "$(TARGET_NAME)";
				SDKROOT = auto;
				SUPPORTED_PLATFORMS = "iphoneos iphonesimulator macosx";
				SWIFT_EMIT_LOC_STRINGS = NO;
				SWIFT_VERSION = 5.0;
				TARGETED_DEVICE_FAMILY = "1,2";
				TEST_TARGET_NAME = myResume;
			};
			name = Release;
		};
/* End XCBuildConfiguration section */

/* Begin XCConfigurationList section */
		EBA090F329E5C2E0001B3005 /* Build configuration list for PBXProject "myResume" */ = {
			isa = XCConfigurationList;
			buildConfigurations = (
				EBA0911B29E5C2E2001B3005 /* Debug */,
				EBA0911C29E5C2E2001B3005 /* Release */,
			);
			defaultConfigurationIsVisible = 0;
			defaultConfigurationName = Release;
		};
		EBA0911D29E5C2E2001B3005 /* Build configuration list for PBXNativeTarget "myResume" */ = {
			isa = XCConfigurationList;
			buildConfigurations = (
				EBA0911E29E5C2E2001B3005 /* Debug */,
				EBA0911F29E5C2E2001B3005 /* Release */,
			);
			defaultConfigurationIsVisible = 0;
			defaultConfigurationName = Release;
		};
		EBA0912029E5C2E2001B3005 /* Build configuration list for PBXNativeTarget "myResumeTests" */ = {
			isa = XCConfigurationList;
			buildConfigurations = (
				EBA0912129E5C2E2001B3005 /* Debug */,
				EBA0912229E5C2E2001B3005 /* Release */,
			);
			defaultConfigurationIsVisible = 0;
			defaultConfigurationName = Release;
		};
		EBA0912329E5C2E2001B3005 /* Build configuration list for PBXNativeTarget "myResumeUITests" */ = {
			isa = XCConfigurationList;
			buildConfigurations = (
				EBA0912429E5C2E2001B3005 /* Debug */,
				EBA0912529E5C2E2001B3005 /* Release */,
			);
			defaultConfigurationIsVisible = 0;
			defaultConfigurationName = Release;
		};
/* End XCConfigurationList section */
	};
	rootObject = EBA090F029E5C2E0001B3005 /* Project object */;
}
